// !$*UTF8*$!
{
	archiveVersion = 1;
	classes = {
	};
	objectVersion = 56;
	objects = {

/* Begin PBXBuildFile section */
		439A89EF2911FB8300371CC6 /* CourseContentView.swift in Sources */ = {isa = PBXBuildFile; fileRef = 439A89EE2911FB8300371CC6 /* CourseContentView.swift */; };
		439A89F12911FEF600371CC6 /* NewCourseView.swift in Sources */ = {isa = PBXBuildFile; fileRef = 439A89F02911FEF600371CC6 /* NewCourseView.swift */; };
		439A89F32911FF5300371CC6 /* EventSymbols.swift in Sources */ = {isa = PBXBuildFile; fileRef = 439A89F22911FF5300371CC6 /* EventSymbols.swift */; };
		43BE8532290E044C00E48AC6 /* Classroom_App.swift in Sources */ = {isa = PBXBuildFile; fileRef = 43BE8531290E044C00E48AC6 /* Classroom_App.swift */; };
		43BE8536290E044C00E48AC6 /* Assets.xcassets in Resources */ = {isa = PBXBuildFile; fileRef = 43BE8535290E044C00E48AC6 /* Assets.xcassets */; };
		43BE8539290E044C00E48AC6 /* Preview Assets.xcassets in Resources */ = {isa = PBXBuildFile; fileRef = 43BE8538290E044C00E48AC6 /* Preview Assets.xcassets */; };
		43BE8547290E045C00E48AC6 /* CloudKit.framework in Frameworks */ = {isa = PBXBuildFile; fileRef = 43BE8546290E045C00E48AC6 /* CloudKit.framework */; };
		43BE855D290E04B800E48AC6 /* AssignDetailView.swift in Sources */ = {isa = PBXBuildFile; fileRef = 43BE8550290E04B700E48AC6 /* AssignDetailView.swift */; };
		43BE855E290E04B800E48AC6 /* NewAssignView.swift in Sources */ = {isa = PBXBuildFile; fileRef = 43BE8551290E04B700E48AC6 /* NewAssignView.swift */; };
		43BE855F290E04B800E48AC6 /* Images+Views.swift in Sources */ = {isa = PBXBuildFile; fileRef = 43BE8553290E04B700E48AC6 /* Images+Views.swift */; };
		43BE8560290E04B800E48AC6 /* Reminders+Views.swift in Sources */ = {isa = PBXBuildFile; fileRef = 43BE8554290E04B700E48AC6 /* Reminders+Views.swift */; };
		43BE8561290E04B800E48AC6 /* AssignContentView.swift in Sources */ = {isa = PBXBuildFile; fileRef = 43BE8555290E04B700E48AC6 /* AssignContentView.swift */; };
		43BE856E290E04E100E48AC6 /* ImagePicker.swift in Sources */ = {isa = PBXBuildFile; fileRef = 43BE8566290E04E000E48AC6 /* ImagePicker.swift */; };
		43BE856F290E04E100E48AC6 /* Persistence.swift in Sources */ = {isa = PBXBuildFile; fileRef = 43BE8568290E04E100E48AC6 /* Persistence.swift */; };
		43BE8570290E04E100E48AC6 /* ClassroomA_.xcdatamodeld in Sources */ = {isa = PBXBuildFile; fileRef = 43BE8569290E04E100E48AC6 /* ClassroomA_.xcdatamodeld */; };
/* End PBXBuildFile section */

/* Begin PBXFileReference section */
		43369B8D290F470B0087176D /* Classroom+.entitlements */ = {isa = PBXFileReference; lastKnownFileType = text.plist.entitlements; path = "Classroom+.entitlements"; sourceTree = "<group>"; };
		43369B8E290F47100087176D /* Classroom--Info.plist */ = {isa = PBXFileReference; lastKnownFileType = text.plist; path = "Classroom--Info.plist"; sourceTree = SOURCE_ROOT; };
		439A89EE2911FB8300371CC6 /* CourseContentView.swift */ = {isa = PBXFileReference; lastKnownFileType = sourcecode.swift; path = CourseContentView.swift; sourceTree = "<group>"; };
		439A89F02911FEF600371CC6 /* NewCourseView.swift */ = {isa = PBXFileReference; lastKnownFileType = sourcecode.swift; path = NewCourseView.swift; sourceTree = "<group>"; };
		439A89F22911FF5300371CC6 /* EventSymbols.swift */ = {isa = PBXFileReference; lastKnownFileType = sourcecode.swift; path = EventSymbols.swift; sourceTree = "<group>"; };
		43BE852E290E044C00E48AC6 /* SimpleClass.app */ = {isa = PBXFileReference; explicitFileType = wrapper.application; includeInIndex = 0; path = SimpleClass.app; sourceTree = BUILT_PRODUCTS_DIR; };
		43BE8531290E044C00E48AC6 /* Classroom_App.swift */ = {isa = PBXFileReference; lastKnownFileType = sourcecode.swift; path = Classroom_App.swift; sourceTree = "<group>"; };
		43BE8535290E044C00E48AC6 /* Assets.xcassets */ = {isa = PBXFileReference; lastKnownFileType = folder.assetcatalog; path = Assets.xcassets; sourceTree = "<group>"; };
		43BE8538290E044C00E48AC6 /* Preview Assets.xcassets */ = {isa = PBXFileReference; lastKnownFileType = folder.assetcatalog; path = "Preview Assets.xcassets"; sourceTree = "<group>"; };
		43BE853F290E044C00E48AC6 /* Info.plist */ = {isa = PBXFileReference; lastKnownFileType = text.plist.xml; path = Info.plist; sourceTree = "<group>"; };
		43BE8546290E045C00E48AC6 /* CloudKit.framework */ = {isa = PBXFileReference; lastKnownFileType = wrapper.framework; name = CloudKit.framework; path = System/Library/Frameworks/CloudKit.framework; sourceTree = SDKROOT; };
		43BE8550290E04B700E48AC6 /* AssignDetailView.swift */ = {isa = PBXFileReference; fileEncoding = 4; lastKnownFileType = sourcecode.swift; path = AssignDetailView.swift; sourceTree = "<group>"; };
		43BE8551290E04B700E48AC6 /* NewAssignView.swift */ = {isa = PBXFileReference; fileEncoding = 4; lastKnownFileType = sourcecode.swift; path = NewAssignView.swift; sourceTree = "<group>"; };
		43BE8553290E04B700E48AC6 /* Images+Views.swift */ = {isa = PBXFileReference; fileEncoding = 4; lastKnownFileType = sourcecode.swift; path = "Images+Views.swift"; sourceTree = "<group>"; };
		43BE8554290E04B700E48AC6 /* Reminders+Views.swift */ = {isa = PBXFileReference; fileEncoding = 4; lastKnownFileType = sourcecode.swift; path = "Reminders+Views.swift"; sourceTree = "<group>"; };
		43BE8555290E04B700E48AC6 /* AssignContentView.swift */ = {isa = PBXFileReference; fileEncoding = 4; lastKnownFileType = sourcecode.swift; path = AssignContentView.swift; sourceTree = "<group>"; };
		43BE8566290E04E000E48AC6 /* ImagePicker.swift */ = {isa = PBXFileReference; fileEncoding = 4; lastKnownFileType = sourcecode.swift; path = ImagePicker.swift; sourceTree = "<group>"; };
		43BE8568290E04E100E48AC6 /* Persistence.swift */ = {isa = PBXFileReference; fileEncoding = 4; lastKnownFileType = sourcecode.swift; path = Persistence.swift; sourceTree = "<group>"; };
		43BE856A290E04E100E48AC6 /* ClassroomA_.xcdatamodel */ = {isa = PBXFileReference; lastKnownFileType = wrapper.xcdatamodel; path = ClassroomA_.xcdatamodel; sourceTree = "<group>"; };
/* End PBXFileReference section */

/* Begin PBXFrameworksBuildPhase section */
		43BE852B290E044C00E48AC6 /* Frameworks */ = {
			isa = PBXFrameworksBuildPhase;
			buildActionMask = 2147483647;
			files = (
				43BE8547290E045C00E48AC6 /* CloudKit.framework in Frameworks */,
			);
			runOnlyForDeploymentPostprocessing = 0;
		};
/* End PBXFrameworksBuildPhase section */

/* Begin PBXGroup section */
		43BE8525290E044C00E48AC6 = {
			isa = PBXGroup;
			children = (
				43BE8530290E044C00E48AC6 /* Classroom+ */,
				43BE852F290E044C00E48AC6 /* Products */,
				43BE8545290E045C00E48AC6 /* Frameworks */,
			);
			sourceTree = "<group>";
		};
		43BE852F290E044C00E48AC6 /* Products */ = {
			isa = PBXGroup;
			children = (
				43BE852E290E044C00E48AC6 /* SimpleClass.app */,
			);
			name = Products;
			sourceTree = "<group>";
		};
		43BE8530290E044C00E48AC6 /* Classroom+ */ = {
			isa = PBXGroup;
			children = (
				43369B8E290F47100087176D /* Classroom--Info.plist */,
				43369B8D290F470B0087176D /* Classroom+.entitlements */,
				43BE8531290E044C00E48AC6 /* Classroom_App.swift */,
				43BE854F290E04B700E48AC6 /* App Functions */,
				43BE8535290E044C00E48AC6 /* Assets.xcassets */,
				43BE853F290E044C00E48AC6 /* Info.plist */,
				43BE8537290E044C00E48AC6 /* Preview Content */,
			);
			path = "Classroom+";
			sourceTree = "<group>";
		};
		43BE8537290E044C00E48AC6 /* Preview Content */ = {
			isa = PBXGroup;
			children = (
				43BE8538290E044C00E48AC6 /* Preview Assets.xcassets */,
			);
			path = "Preview Content";
			sourceTree = "<group>";
		};
		43BE8545290E045C00E48AC6 /* Frameworks */ = {
			isa = PBXGroup;
			children = (
				43BE8546290E045C00E48AC6 /* CloudKit.framework */,
			);
			name = Frameworks;
			sourceTree = "<group>";
		};
		43BE854F290E04B700E48AC6 /* App Functions */ = {
			isa = PBXGroup;
			children = (
				43F11A05290F477800BFD3A8 /* Views */,
				43BE8552290E04B700E48AC6 /* Relationships */,
				43BE8567290E04E100E48AC6 /* Data Persistence */,
				43BE8565290E04E000E48AC6 /* Utilities */,
			);
			name = "App Functions";
			path = "../../ClassroomA+/ClassroomA+/App Functions";
			sourceTree = "<group>";
		};
		43BE8552290E04B700E48AC6 /* Relationships */ = {
			isa = PBXGroup;
			children = (
				43BE8553290E04B700E48AC6 /* Images+Views.swift */,
				43BE8554290E04B700E48AC6 /* Reminders+Views.swift */,
			);
			path = Relationships;
			sourceTree = "<group>";
		};
		43BE8565290E04E000E48AC6 /* Utilities */ = {
			isa = PBXGroup;
			children = (
				43BE8566290E04E000E48AC6 /* ImagePicker.swift */,
				439A89F22911FF5300371CC6 /* EventSymbols.swift */,
			);
			name = Utilities;
			path = ../Utilities;
			sourceTree = "<group>";
		};
		43BE8567290E04E100E48AC6 /* Data Persistence */ = {
			isa = PBXGroup;
			children = (
				43BE8568290E04E100E48AC6 /* Persistence.swift */,
				43BE8569290E04E100E48AC6 /* ClassroomA_.xcdatamodeld */,
			);
			name = "Data Persistence";
			path = "../Data Persistence";
			sourceTree = "<group>";
		};
		43F11A05290F477800BFD3A8 /* Views */ = {
			isa = PBXGroup;
			children = (
				43BE8550290E04B700E48AC6 /* AssignDetailView.swift */,
				439A89EE2911FB8300371CC6 /* CourseContentView.swift */,
				439A89F02911FEF600371CC6 /* NewCourseView.swift */,
				43BE8555290E04B700E48AC6 /* AssignContentView.swift */,
				43BE8551290E04B700E48AC6 /* NewAssignView.swift */,
			);
			path = Views;
			sourceTree = "<group>";
		};
/* End PBXGroup section */

/* Begin PBXNativeTarget section */
		43BE852D290E044C00E48AC6 /* SimpleClass */ = {
			isa = PBXNativeTarget;
			buildConfigurationList = 43BE8542290E044C00E48AC6 /* Build configuration list for PBXNativeTarget "SimpleClass" */;
			buildPhases = (
				43BE852A290E044C00E48AC6 /* Sources */,
				43BE852B290E044C00E48AC6 /* Frameworks */,
				43BE852C290E044C00E48AC6 /* Resources */,
			);
			buildRules = (
			);
			dependencies = (
			);
			name = SimpleClass;
			productName = "Classroom+";
			productReference = 43BE852E290E044C00E48AC6 /* SimpleClass.app */;
			productType = "com.apple.product-type.application";
		};
/* End PBXNativeTarget section */

/* Begin PBXProject section */
		43BE8526290E044C00E48AC6 /* Project object */ = {
			isa = PBXProject;
			attributes = {
				BuildIndependentTargetsInParallel = 1;
				LastSwiftUpdateCheck = 1400;
				LastUpgradeCheck = 1400;
				TargetAttributes = {
					43BE852D290E044C00E48AC6 = {
						CreatedOnToolsVersion = 14.0.1;
					};
				};
			};
			buildConfigurationList = 43BE8529290E044C00E48AC6 /* Build configuration list for PBXProject "SimpleClass" */;
			compatibilityVersion = "Xcode 14.0";
			developmentRegion = en;
			hasScannedForEncodings = 0;
			knownRegions = (
				en,
				Base,
			);
			mainGroup = 43BE8525290E044C00E48AC6;
			productRefGroup = 43BE852F290E044C00E48AC6 /* Products */;
			projectDirPath = "";
			projectRoot = "";
			targets = (
				43BE852D290E044C00E48AC6 /* SimpleClass */,
			);
		};
/* End PBXProject section */

/* Begin PBXResourcesBuildPhase section */
		43BE852C290E044C00E48AC6 /* Resources */ = {
			isa = PBXResourcesBuildPhase;
			buildActionMask = 2147483647;
			files = (
				43BE8539290E044C00E48AC6 /* Preview Assets.xcassets in Resources */,
				43BE8536290E044C00E48AC6 /* Assets.xcassets in Resources */,
			);
			runOnlyForDeploymentPostprocessing = 0;
		};
/* End PBXResourcesBuildPhase section */

/* Begin PBXSourcesBuildPhase section */
		43BE852A290E044C00E48AC6 /* Sources */ = {
			isa = PBXSourcesBuildPhase;
			buildActionMask = 2147483647;
			files = (
				43BE855E290E04B800E48AC6 /* NewAssignView.swift in Sources */,
				43BE855D290E04B800E48AC6 /* AssignDetailView.swift in Sources */,
				43BE856E290E04E100E48AC6 /* ImagePicker.swift in Sources */,
				439A89EF2911FB8300371CC6 /* CourseContentView.swift in Sources */,
				43BE8560290E04B800E48AC6 /* Reminders+Views.swift in Sources */,
				439A89F12911FEF600371CC6 /* NewCourseView.swift in Sources */,
				43BE8532290E044C00E48AC6 /* Classroom_App.swift in Sources */,
				43BE8561290E04B800E48AC6 /* AssignContentView.swift in Sources */,
				439A89F32911FF5300371CC6 /* EventSymbols.swift in Sources */,
				43BE855F290E04B800E48AC6 /* Images+Views.swift in Sources */,
				43BE8570290E04E100E48AC6 /* ClassroomA_.xcdatamodeld in Sources */,
				43BE856F290E04E100E48AC6 /* Persistence.swift in Sources */,
			);
			runOnlyForDeploymentPostprocessing = 0;
		};
/* End PBXSourcesBuildPhase section */

/* Begin XCBuildConfiguration section */
		43BE8540290E044C00E48AC6 /* Debug */ = {
			isa = XCBuildConfiguration;
			buildSettings = {
				ALWAYS_SEARCH_USER_PATHS = NO;
				CLANG_ANALYZER_NONNULL = YES;
				CLANG_ANALYZER_NUMBER_OBJECT_CONVERSION = YES_AGGRESSIVE;
				CLANG_CXX_LANGUAGE_STANDARD = "gnu++20";
				CLANG_ENABLE_MODULES = YES;
				CLANG_ENABLE_OBJC_ARC = YES;
				CLANG_ENABLE_OBJC_WEAK = YES;
				CLANG_WARN_BLOCK_CAPTURE_AUTORELEASING = YES;
				CLANG_WARN_BOOL_CONVERSION = YES;
				CLANG_WARN_COMMA = YES;
				CLANG_WARN_CONSTANT_CONVERSION = YES;
				CLANG_WARN_DEPRECATED_OBJC_IMPLEMENTATIONS = YES;
				CLANG_WARN_DIRECT_OBJC_ISA_USAGE = YES_ERROR;
				CLANG_WARN_DOCUMENTATION_COMMENTS = YES;
				CLANG_WARN_EMPTY_BODY = YES;
				CLANG_WARN_ENUM_CONVERSION = YES;
				CLANG_WARN_INFINITE_RECURSION = YES;
				CLANG_WARN_INT_CONVERSION = YES;
				CLANG_WARN_NON_LITERAL_NULL_CONVERSION = YES;
				CLANG_WARN_OBJC_IMPLICIT_RETAIN_SELF = YES;
				CLANG_WARN_OBJC_LITERAL_CONVERSION = YES;
				CLANG_WARN_OBJC_ROOT_CLASS = YES_ERROR;
				CLANG_WARN_QUOTED_INCLUDE_IN_FRAMEWORK_HEADER = YES;
				CLANG_WARN_RANGE_LOOP_ANALYSIS = YES;
				CLANG_WARN_STRICT_PROTOTYPES = YES;
				CLANG_WARN_SUSPICIOUS_MOVE = YES;
				CLANG_WARN_UNGUARDED_AVAILABILITY = YES_AGGRESSIVE;
				CLANG_WARN_UNREACHABLE_CODE = YES;
				CLANG_WARN__DUPLICATE_METHOD_MATCH = YES;
				COPY_PHASE_STRIP = NO;
				DEBUG_INFORMATION_FORMAT = dwarf;
				ENABLE_STRICT_OBJC_MSGSEND = YES;
				ENABLE_TESTABILITY = YES;
				GCC_C_LANGUAGE_STANDARD = gnu11;
				GCC_DYNAMIC_NO_PIC = NO;
				GCC_NO_COMMON_BLOCKS = YES;
				GCC_OPTIMIZATION_LEVEL = 0;
				GCC_PREPROCESSOR_DEFINITIONS = (
					"DEBUG=1",
					"$(inherited)",
				);
				GCC_WARN_64_TO_32_BIT_CONVERSION = YES;
				GCC_WARN_ABOUT_RETURN_TYPE = YES_ERROR;
				GCC_WARN_UNDECLARED_SELECTOR = YES;
				GCC_WARN_UNINITIALIZED_AUTOS = YES_AGGRESSIVE;
				GCC_WARN_UNUSED_FUNCTION = YES;
				GCC_WARN_UNUSED_VARIABLE = YES;
				IPHONEOS_DEPLOYMENT_TARGET = 16.0;
				MTL_ENABLE_DEBUG_INFO = INCLUDE_SOURCE;
				MTL_FAST_MATH = YES;
				ONLY_ACTIVE_ARCH = YES;
				SDKROOT = iphoneos;
				SWIFT_ACTIVE_COMPILATION_CONDITIONS = DEBUG;
				SWIFT_OPTIMIZATION_LEVEL = "-Onone";
			};
			name = Debug;
		};
		43BE8541290E044C00E48AC6 /* Release */ = {
			isa = XCBuildConfiguration;
			buildSettings = {
				ALWAYS_SEARCH_USER_PATHS = NO;
				CLANG_ANALYZER_NONNULL = YES;
				CLANG_ANALYZER_NUMBER_OBJECT_CONVERSION = YES_AGGRESSIVE;
				CLANG_CXX_LANGUAGE_STANDARD = "gnu++20";
				CLANG_ENABLE_MODULES = YES;
				CLANG_ENABLE_OBJC_ARC = YES;
				CLANG_ENABLE_OBJC_WEAK = YES;
				CLANG_WARN_BLOCK_CAPTURE_AUTORELEASING = YES;
				CLANG_WARN_BOOL_CONVERSION = YES;
				CLANG_WARN_COMMA = YES;
				CLANG_WARN_CONSTANT_CONVERSION = YES;
				CLANG_WARN_DEPRECATED_OBJC_IMPLEMENTATIONS = YES;
				CLANG_WARN_DIRECT_OBJC_ISA_USAGE = YES_ERROR;
				CLANG_WARN_DOCUMENTATION_COMMENTS = YES;
				CLANG_WARN_EMPTY_BODY = YES;
				CLANG_WARN_ENUM_CONVERSION = YES;
				CLANG_WARN_INFINITE_RECURSION = YES;
				CLANG_WARN_INT_CONVERSION = YES;
				CLANG_WARN_NON_LITERAL_NULL_CONVERSION = YES;
				CLANG_WARN_OBJC_IMPLICIT_RETAIN_SELF = YES;
				CLANG_WARN_OBJC_LITERAL_CONVERSION = YES;
				CLANG_WARN_OBJC_ROOT_CLASS = YES_ERROR;
				CLANG_WARN_QUOTED_INCLUDE_IN_FRAMEWORK_HEADER = YES;
				CLANG_WARN_RANGE_LOOP_ANALYSIS = YES;
				CLANG_WARN_STRICT_PROTOTYPES = YES;
				CLANG_WARN_SUSPICIOUS_MOVE = YES;
				CLANG_WARN_UNGUARDED_AVAILABILITY = YES_AGGRESSIVE;
				CLANG_WARN_UNREACHABLE_CODE = YES;
				CLANG_WARN__DUPLICATE_METHOD_MATCH = YES;
				COPY_PHASE_STRIP = NO;
				DEBUG_INFORMATION_FORMAT = "dwarf-with-dsym";
				ENABLE_NS_ASSERTIONS = NO;
				ENABLE_STRICT_OBJC_MSGSEND = YES;
				GCC_C_LANGUAGE_STANDARD = gnu11;
				GCC_NO_COMMON_BLOCKS = YES;
				GCC_WARN_64_TO_32_BIT_CONVERSION = YES;
				GCC_WARN_ABOUT_RETURN_TYPE = YES_ERROR;
				GCC_WARN_UNDECLARED_SELECTOR = YES;
				GCC_WARN_UNINITIALIZED_AUTOS = YES_AGGRESSIVE;
				GCC_WARN_UNUSED_FUNCTION = YES;
				GCC_WARN_UNUSED_VARIABLE = YES;
				IPHONEOS_DEPLOYMENT_TARGET = 16.0;
				MTL_ENABLE_DEBUG_INFO = NO;
				MTL_FAST_MATH = YES;
				SDKROOT = iphoneos;
				SWIFT_COMPILATION_MODE = wholemodule;
				SWIFT_OPTIMIZATION_LEVEL = "-O";
				VALIDATE_PRODUCT = YES;
			};
			name = Release;
		};
		43BE8543290E044C00E48AC6 /* Debug */ = {
			isa = XCBuildConfiguration;
			buildSettings = {
				ASSETCATALOG_COMPILER_APPICON_NAME = AppIcon;
				ASSETCATALOG_COMPILER_GLOBAL_ACCENT_COLOR_NAME = AccentColor;
				CODE_SIGN_ENTITLEMENTS = "Classroom+/Classroom+.entitlements";
				CODE_SIGN_STYLE = Automatic;
				CURRENT_PROJECT_VERSION = 1;
				DEVELOPMENT_ASSET_PATHS = "\"Classroom+/Preview Content\"";
				DEVELOPMENT_TEAM = 8LGZB97F67;
				ENABLE_PREVIEWS = YES;
				GENERATE_INFOPLIST_FILE = YES;
				INFOPLIST_FILE = "Classroom--Info.plist";
				INFOPLIST_KEY_NSCameraUsageDescription = "To add photos to assignment";
				INFOPLIST_KEY_UIApplicationSceneManifest_Generation = YES;
				INFOPLIST_KEY_UIApplicationSupportsIndirectInputEvents = YES;
				INFOPLIST_KEY_UILaunchScreen_Generation = YES;
				INFOPLIST_KEY_UISupportedInterfaceOrientations_iPad = "UIInterfaceOrientationPortrait UIInterfaceOrientationPortraitUpsideDown UIInterfaceOrientationLandscapeLeft UIInterfaceOrientationLandscapeRight";
				INFOPLIST_KEY_UISupportedInterfaceOrientations_iPhone = "UIInterfaceOrientationPortrait UIInterfaceOrientationLandscapeLeft UIInterfaceOrientationLandscapeRight";
				LD_RUNPATH_SEARCH_PATHS = (
					"$(inherited)",
					"@executable_path/Frameworks",
				);
				MARKETING_VERSION = 1.0;
				PRODUCT_BUNDLE_IDENTIFIER = "com.NEXT.Classroom-";
				PRODUCT_NAME = "$(TARGET_NAME)";
				SWIFT_EMIT_LOC_STRINGS = YES;
				SWIFT_VERSION = 5.0;
				TARGETED_DEVICE_FAMILY = "1,2";
			};
			name = Debug;
		};
		43BE8544290E044C00E48AC6 /* Release */ = {
			isa = XCBuildConfiguration;
			buildSettings = {
				ASSETCATALOG_COMPILER_APPICON_NAME = AppIcon;
				ASSETCATALOG_COMPILER_GLOBAL_ACCENT_COLOR_NAME = AccentColor;
				CODE_SIGN_ENTITLEMENTS = "Classroom+/Classroom+.entitlements";
				CODE_SIGN_STYLE = Automatic;
				CURRENT_PROJECT_VERSION = 1;
				DEVELOPMENT_ASSET_PATHS = "\"Classroom+/Preview Content\"";
				DEVELOPMENT_TEAM = 8LGZB97F67;
				ENABLE_PREVIEWS = YES;
				GENERATE_INFOPLIST_FILE = YES;
				INFOPLIST_FILE = "Classroom--Info.plist";
				INFOPLIST_KEY_NSCameraUsageDescription = "To add photos to assignment";
				INFOPLIST_KEY_UIApplicationSceneManifest_Generation = YES;
				INFOPLIST_KEY_UIApplicationSupportsIndirectInputEvents = YES;
				INFOPLIST_KEY_UILaunchScreen_Generation = YES;
				INFOPLIST_KEY_UISupportedInterfaceOrientations_iPad = "UIInterfaceOrientationPortrait UIInterfaceOrientationPortraitUpsideDown UIInterfaceOrientationLandscapeLeft UIInterfaceOrientationLandscapeRight";
				INFOPLIST_KEY_UISupportedInterfaceOrientations_iPhone = "UIInterfaceOrientationPortrait UIInterfaceOrientationLandscapeLeft UIInterfaceOrientationLandscapeRight";
				LD_RUNPATH_SEARCH_PATHS = (
					"$(inherited)",
					"@executable_path/Frameworks",
				);
				MARKETING_VERSION = 1.0;
				PRODUCT_BUNDLE_IDENTIFIER = "com.NEXT.Classroom-";
				PRODUCT_NAME = "$(TARGET_NAME)";
				SWIFT_EMIT_LOC_STRINGS = YES;
				SWIFT_VERSION = 5.0;
				TARGETED_DEVICE_FAMILY = "1,2";
			};
			name = Release;
		};
/* End XCBuildConfiguration section */

/* Begin XCConfigurationList section */
		43BE8529290E044C00E48AC6 /* Build configuration list for PBXProject "SimpleClass" */ = {
			isa = XCConfigurationList;
			buildConfigurations = (
				43BE8540290E044C00E48AC6 /* Debug */,
				43BE8541290E044C00E48AC6 /* Release */,
			);
			defaultConfigurationIsVisible = 0;
			defaultConfigurationName = Release;
		};
		43BE8542290E044C00E48AC6 /* Build configuration list for PBXNativeTarget "SimpleClass" */ = {
			isa = XCConfigurationList;
			buildConfigurations = (
				43BE8543290E044C00E48AC6 /* Debug */,
				43BE8544290E044C00E48AC6 /* Release */,
			);
			defaultConfigurationIsVisible = 0;
			defaultConfigurationName = Release;
		};
/* End XCConfigurationList section */

/* Begin XCVersionGroup section */
		43BE8569290E04E100E48AC6 /* ClassroomA_.xcdatamodeld */ = {
			isa = XCVersionGroup;
			children = (
				43BE856A290E04E100E48AC6 /* ClassroomA_.xcdatamodel */,
			);
			currentVersion = 43BE856A290E04E100E48AC6 /* ClassroomA_.xcdatamodel */;
			path = ClassroomA_.xcdatamodeld;
			sourceTree = "<group>";
			versionGroupType = wrapper.xcdatamodel;
		};
/* End XCVersionGroup section */
	};
	rootObject = 43BE8526290E044C00E48AC6 /* Project object */;
}
